
Microsoft Visual Studio Solution File, Format Version 12.00
# Visual Studio Version 17
VisualStudioVersion = 17.3.32714.290
MinimumVisualStudioVersion = 10.0.40219.1
Project("{FAE04EC0-301F-11D3-BF4B-00C04F79EFBC}") = "EasyNetLog", "EasyNetLog\EasyNetLog.csproj", "{749BDC04-2CE0-4E7B-839C-B0B59974FD83}"
EndProject
Project("{FAE04EC0-301F-11D3-BF4B-00C04F79EFBC}") = "EasyNetLog.Test", "EasyNetLog.Test\EasyNetLog.Test.csproj", "{5096C373-B914-4CB1-86F5-BA05ACFD1540}"
EndProject
Global
	GlobalSection(SolutionConfigurationPlatforms) = preSolution
		Debug|Any CPU = Debug|Any CPU
		Release|Any CPU = Release|Any CPU
	EndGlobalSection
	GlobalSection(ProjectConfigurationPlatforms) = postSolution
		{749BDC04-2CE0-4E7B-839C-B0B59974FD83}.Debug|Any CPU.ActiveCfg = Debug|Any CPU
		{749BDC04-2CE0-4E7B-839C-B0B59974FD83}.Debug|Any CPU.Build.0 = Debug|Any CPU
		{749BDC04-2CE0-4E7B-839C-B0B59974FD83}.Release|Any CPU.ActiveCfg = Release|Any CPU
		{749BDC04-2CE0-4E7B-839C-B0B59974FD83}.Release|Any CPU.Build.0 = Release|Any CPU
		{5096C373-B914-4CB1-86F5-BA05ACFD1540}.Debug|Any CPU.ActiveCfg = Debug|Any CPU
		{5096C373-B914-4CB1-86F5-BA05ACFD1540}.Debug|Any CPU.Build.0 = Debug|Any CPU
		{5096C373-B914-4CB1-86F5-BA05ACFD1540}.Release|Any CPU.ActiveCfg = Release|Any CPU
		{5096C373-B914-4CB1-86F5-BA05ACFD1540}.Release|Any CPU.Build.0 = Release|Any CPU
	EndGlobalSection
	GlobalSection(SolutionProperties) = preSolution
		HideSolutionNode = FALSE
	EndGlobalSection
	GlobalSection(ExtensibilityGlobals) = postSolution
		SolutionGuid = {1F301D61-7D6A-4032-B653-8F89AE784027}
	EndGlobalSection
EndGlobal
